
Microsoft Visual Studio Solution File, Format Version 12.00
# Visual Studio 15
VisualStudioVersion = 15.0.28307.705
MinimumVisualStudioVersion = 10.0.40219.1
Project("{8BC9CEB8-8B4A-11D0-8D11-00A0C91BC942}") = "SleepDiaryGrapher", "SleepDiaryGrapher\SleepDiaryGrapher.vcxproj", "{28DC167A-4819-4D24-861C-B98EA3887FFF}"
EndProject
Global
	GlobalSection(SolutionConfigurationPlatforms) = preSolution
		Debug|x64 = Debug|x64
		Debug|x86 = Debug|x86
		Release|x64 = Release|x64
		Release|x86 = Release|x86
	EndGlobalSection
	GlobalSection(ProjectConfigurationPlatforms) = postSolution
		{28DC167A-4819-4D24-861C-B98EA3887FFF}.Debug|x64.ActiveCfg = Debug|x64
		{28DC167A-4819-4D24-861C-B98EA3887FFF}.Debug|x64.Build.0 = Debug|x64
		{28DC167A-4819-4D24-861C-B98EA3887FFF}.Debug|x86.ActiveCfg = Debug|Win32
		{28DC167A-4819-4D24-861C-B98EA3887FFF}.Debug|x86.Build.0 = Debug|Win32
		{28DC167A-4819-4D24-861C-B98EA3887FFF}.Release|x64.ActiveCfg = Release|x64
		{28DC167A-4819-4D24-861C-B98EA3887FFF}.Release|x64.Build.0 = Release|x64
		{28DC167A-4819-4D24-861C-B98EA3887FFF}.Release|x86.ActiveCfg = Release|Win32
		{28DC167A-4819-4D24-861C-B98EA3887FFF}.Release|x86.Build.0 = Release|Win32
	EndGlobalSection
	GlobalSection(SolutionProperties) = preSolution
		HideSolutionNode = FALSE
	EndGlobalSection
	GlobalSection(ExtensibilityGlobals) = postSolution
		SolutionGuid = {24EFFB65-2190-4CCA-906D-E63222D7268A}
	EndGlobalSection
EndGlobal
